
Microsoft Visual Studio Solution File, Format Version 12.00
# Visual Studio Version 17
VisualStudioVersion = 17.9.34616.47
MinimumVisualStudioVersion = 10.0.40219.1
Project("{8BC9CEB8-8B4A-11D0-8D11-00A0C91BC942}") = "Projek1", "Projek1\Projek1.vcxproj", "{2CEDCE88-AFDD-41B7-B42E-B04DC0BDA923}"
EndProject
Project("{8BC9CEB8-8B4A-11D0-8D11-00A0C91BC942}") = "Enkapsulasi", "Enkapsulasi\Enkapsulasi.vcxproj", "{30952AA5-A24C-4FBC-A66A-AF76369064BF}"
EndProject
Project("{8BC9CEB8-8B4A-11D0-8D11-00A0C91BC942}") = "FinalSpecifier", "FinalSpecifier\FinalSpecifier.vcxproj", "{B6C1BBE3-D5F1-4DFF-8C78-02512A2A5D07}"
EndProject
Project("{8BC9CEB8-8B4A-11D0-8D11-00A0C91BC942}") = "Abstraksi", "Abstraksi\Abstraksi.vcxproj", "{4BE8329A-4686-401B-95F5-4436C353864A}"
EndProject
Global
	GlobalSection(SolutionConfigurationPlatforms) = preSolution
		Debug|x64 = Debug|x64
		Debug|x86 = Debug|x86
		Release|x64 = Release|x64
		Release|x86 = Release|x86
	EndGlobalSection
	GlobalSection(ProjectConfigurationPlatforms) = postSolution
		{2CEDCE88-AFDD-41B7-B42E-B04DC0BDA923}.Debug|x64.ActiveCfg = Debug|x64
		{2CEDCE88-AFDD-41B7-B42E-B04DC0BDA923}.Debug|x64.Build.0 = Debug|x64
		{2CEDCE88-AFDD-41B7-B42E-B04DC0BDA923}.Debug|x86.ActiveCfg = Debug|Win32
		{2CEDCE88-AFDD-41B7-B42E-B04DC0BDA923}.Debug|x86.Build.0 = Debug|Win32
		{2CEDCE88-AFDD-41B7-B42E-B04DC0BDA923}.Release|x64.ActiveCfg = Release|x64
		{2CEDCE88-AFDD-41B7-B42E-B04DC0BDA923}.Release|x64.Build.0 = Release|x64
		{2CEDCE88-AFDD-41B7-B42E-B04DC0BDA923}.Release|x86.ActiveCfg = Release|Win32
		{2CEDCE88-AFDD-41B7-B42E-B04DC0BDA923}.Release|x86.Build.0 = Release|Win32
		{30952AA5-A24C-4FBC-A66A-AF76369064BF}.Debug|x64.ActiveCfg = Debug|x64
		{30952AA5-A24C-4FBC-A66A-AF76369064BF}.Debug|x64.Build.0 = Debug|x64
		{30952AA5-A24C-4FBC-A66A-AF76369064BF}.Debug|x86.ActiveCfg = Debug|Win32
		{30952AA5-A24C-4FBC-A66A-AF76369064BF}.Debug|x86.Build.0 = Debug|Win32
		{30952AA5-A24C-4FBC-A66A-AF76369064BF}.Release|x64.ActiveCfg = Release|x64
		{30952AA5-A24C-4FBC-A66A-AF76369064BF}.Release|x64.Build.0 = Release|x64
		{30952AA5-A24C-4FBC-A66A-AF76369064BF}.Release|x86.ActiveCfg = Release|Win32
		{30952AA5-A24C-4FBC-A66A-AF76369064BF}.Release|x86.Build.0 = Release|Win32
		{B6C1BBE3-D5F1-4DFF-8C78-02512A2A5D07}.Debug|x64.ActiveCfg = Debug|x64
		{B6C1BBE3-D5F1-4DFF-8C78-02512A2A5D07}.Debug|x64.Build.0 = Debug|x64
		{B6C1BBE3-D5F1-4DFF-8C78-02512A2A5D07}.Debug|x86.ActiveCfg = Debug|Win32
		{B6C1BBE3-D5F1-4DFF-8C78-02512A2A5D07}.Debug|x86.Build.0 = Debug|Win32
		{B6C1BBE3-D5F1-4DFF-8C78-02512A2A5D07}.Release|x64.ActiveCfg = Release|x64
		{B6C1BBE3-D5F1-4DFF-8C78-02512A2A5D07}.Release|x64.Build.0 = Release|x64
		{B6C1BBE3-D5F1-4DFF-8C78-02512A2A5D07}.Release|x86.ActiveCfg = Release|Win32
		{B6C1BBE3-D5F1-4DFF-8C78-02512A2A5D07}.Release|x86.Build.0 = Release|Win32
		{4BE8329A-4686-401B-95F5-4436C353864A}.Debug|x64.ActiveCfg = Debug|x64
		{4BE8329A-4686-401B-95F5-4436C353864A}.Debug|x64.Build.0 = Debug|x64
		{4BE8329A-4686-401B-95F5-4436C353864A}.Debug|x86.ActiveCfg = Debug|Win32
		{4BE8329A-4686-401B-95F5-4436C353864A}.Debug|x86.Build.0 = Debug|Win32
		{4BE8329A-4686-401B-95F5-4436C353864A}.Release|x64.ActiveCfg = Release|x64
		{4BE8329A-4686-401B-95F5-4436C353864A}.Release|x64.Build.0 = Release|x64
		{4BE8329A-4686-401B-95F5-4436C353864A}.Release|x86.ActiveCfg = Release|Win32
		{4BE8329A-4686-401B-95F5-4436C353864A}.Release|x86.Build.0 = Release|Win32
	EndGlobalSection
	GlobalSection(SolutionProperties) = preSolution
		HideSolutionNode = FALSE
	EndGlobalSection
	GlobalSection(ExtensibilityGlobals) = postSolution
		SolutionGuid = {4188E2D8-F43B-453E-A79B-0B25EB219CC7}
	EndGlobalSection
EndGlobal
